
Microsoft Visual Studio Solution File, Format Version 12.00
# Visual Studio Version 16
VisualStudioVersion = 16.0.31321.278
MinimumVisualStudioVersion = 10.0.40219.1
Project("{9A19103F-16F7-4668-BE54-9A1E7A4F7556}") = "Notes", "Notes\Notes.csproj", "{59B04238-D52C-4E6D-8F60-0948BB68D80B}"
EndProject
Global
	GlobalSection(SolutionConfigurationPlatforms) = preSolution
		Debug|Any CPU = Debug|Any CPU
		Release|Any CPU = Release|Any CPU
	EndGlobalSection
	GlobalSection(ProjectConfigurationPlatforms) = postSolution
		{59B04238-D52C-4E6D-8F60-0948BB68D80B}.Debug|Any CPU.ActiveCfg = Debug|Any CPU
		{59B04238-D52C-4E6D-8F60-0948BB68D80B}.Debug|Any CPU.Build.0 = Debug|Any CPU
		{59B04238-D52C-4E6D-8F60-0948BB68D80B}.Release|Any CPU.ActiveCfg = Release|Any CPU
		{59B04238-D52C-4E6D-8F60-0948BB68D80B}.Release|Any CPU.Build.0 = Release|Any CPU
	EndGlobalSection
	GlobalSection(SolutionProperties) = preSolution
		HideSolutionNode = FALSE
	EndGlobalSection
	GlobalSection(ExtensibilityGlobals) = postSolution
		SolutionGuid = {FD24AE0F-F5B5-4EA5-BB34-7C174E5A6CA6}
	EndGlobalSection
EndGlobal
